{
  "originHash" : "9b2d33c32a4ec6818d3f3c009d258392f3fae4316f1db8082d36d59f959bbd69",
  "pins" : [
    {
      "identity" : "swiftaa",
      "kind" : "remoteSourceControl",
      "location" : "https://github.com/onekiloparsec/SwiftAA",
      "state" : {
        "revision" : "050867bd8e9411100d3073047ce95942e2b0aa0d",
        "version" : "3.0.1"
      }
    }
  ],
  "version" : 3
}
